
Microsoft Visual Studio Solution File, Format Version 12.00
# Visual Studio Version 16
VisualStudioVersion = 16.0.29519.87
MinimumVisualStudioVersion = 10.0.40219.1
Project("{FAE04EC0-301F-11D3-BF4B-00C04F79EFBC}") = "CoordinationTraining", "CoordinationTraining.csproj", "{327211B2-B976-4F40-A057-1A9D8BB1AAF3}"
EndProject
Global
	GlobalSection(SolutionConfigurationPlatforms) = preSolution
		Debug|Any CPU = Debug|Any CPU
		Release|Any CPU = Release|Any CPU
	EndGlobalSection
	GlobalSection(ProjectConfigurationPlatforms) = postSolution
		{327211B2-B976-4F40-A057-1A9D8BB1AAF3}.Debug|Any CPU.ActiveCfg = Debug|Any CPU
		{327211B2-B976-4F40-A057-1A9D8BB1AAF3}.Debug|Any CPU.Build.0 = Debug|Any CPU
		{327211B2-B976-4F40-A057-1A9D8BB1AAF3}.Release|Any CPU.ActiveCfg = Release|Any CPU
		{327211B2-B976-4F40-A057-1A9D8BB1AAF3}.Release|Any CPU.Build.0 = Release|Any CPU
	EndGlobalSection
	GlobalSection(SolutionProperties) = preSolution
		HideSolutionNode = FALSE
	EndGlobalSection
	GlobalSection(ExtensibilityGlobals) = postSolution
		SolutionGuid = {6C036823-1489-429A-BE34-D2A018852552}
	EndGlobalSection
EndGlobal
